
Microsoft Visual Studio Solution File, Format Version 11.00
# Visual Studio 2010
Project("{FAE04EC0-301F-11D3-BF4B-00C04F79EFBC}") = "Work folder", "Assembly-CSharp.csproj", "{31ED7D3B-A8DE-C5FB-39FF-49D99AF631B5}"
EndProject
Project("{FAE04EC0-301F-11D3-BF4B-00C04F79EFBC}") = "Work folder", "Assembly-CSharp-firstpass.csproj", "{A2E3F56B-A7C5-D841-718C-A1570EC750CF}"
EndProject
Project("{FAE04EC0-301F-11D3-BF4B-00C04F79EFBC}") = "Work folder", "Assembly-CSharp-Editor-firstpass.csproj", "{8788CEAC-48D6-22EB-93AC-4E336C5A3866}"
EndProject
Project("{FAE04EC0-301F-11D3-BF4B-00C04F79EFBC}") = "Work folder", "Assembly-CSharp-Editor.csproj", "{74BA08D8-3313-3639-B09E-E51F4EFFC424}"
EndProject
Global
	GlobalSection(SolutionConfigurationPlatforms) = preSolution
		Debug|Any CPU = Debug|Any CPU
		Release|Any CPU = Release|Any CPU
	EndGlobalSection
	GlobalSection(ProjectConfigurationPlatforms) = postSolution
		{31ED7D3B-A8DE-C5FB-39FF-49D99AF631B5}.Debug|Any CPU.ActiveCfg = Debug|Any CPU
		{31ED7D3B-A8DE-C5FB-39FF-49D99AF631B5}.Debug|Any CPU.Build.0 = Debug|Any CPU
		{31ED7D3B-A8DE-C5FB-39FF-49D99AF631B5}.Release|Any CPU.ActiveCfg = Release|Any CPU
		{31ED7D3B-A8DE-C5FB-39FF-49D99AF631B5}.Release|Any CPU.Build.0 = Release|Any CPU
		{A2E3F56B-A7C5-D841-718C-A1570EC750CF}.Debug|Any CPU.ActiveCfg = Debug|Any CPU
		{A2E3F56B-A7C5-D841-718C-A1570EC750CF}.Debug|Any CPU.Build.0 = Debug|Any CPU
		{A2E3F56B-A7C5-D841-718C-A1570EC750CF}.Release|Any CPU.ActiveCfg = Release|Any CPU
		{A2E3F56B-A7C5-D841-718C-A1570EC750CF}.Release|Any CPU.Build.0 = Release|Any CPU
		{8788CEAC-48D6-22EB-93AC-4E336C5A3866}.Debug|Any CPU.ActiveCfg = Debug|Any CPU
		{8788CEAC-48D6-22EB-93AC-4E336C5A3866}.Debug|Any CPU.Build.0 = Debug|Any CPU
		{8788CEAC-48D6-22EB-93AC-4E336C5A3866}.Release|Any CPU.ActiveCfg = Release|Any CPU
		{8788CEAC-48D6-22EB-93AC-4E336C5A3866}.Release|Any CPU.Build.0 = Release|Any CPU
		{74BA08D8-3313-3639-B09E-E51F4EFFC424}.Debug|Any CPU.ActiveCfg = Debug|Any CPU
		{74BA08D8-3313-3639-B09E-E51F4EFFC424}.Debug|Any CPU.Build.0 = Debug|Any CPU
		{74BA08D8-3313-3639-B09E-E51F4EFFC424}.Release|Any CPU.ActiveCfg = Release|Any CPU
		{74BA08D8-3313-3639-B09E-E51F4EFFC424}.Release|Any CPU.Build.0 = Release|Any CPU
	EndGlobalSection
	GlobalSection(SolutionProperties) = preSolution
		HideSolutionNode = FALSE
	EndGlobalSection
	GlobalSection(MonoDevelopProperties) = preSolution
		StartupItem = Assembly-CSharp.csproj
	EndGlobalSection
EndGlobal
